// !$*UTF8*$!
{
	archiveVersion = 1;
	classes = {
	};
	objectVersion = 56;
	objects = {

/* Begin PBXBuildFile section */
		63272CAA2B725A34002DB879 /* DetailView.swift in Sources */ = {isa = PBXBuildFile; fileRef = 63272CA92B725A34002DB879 /* DetailView.swift */; };
		634E23802B7BB3EA005CB73C /* MeetingFooterView.swift in Sources */ = {isa = PBXBuildFile; fileRef = 634E237F2B7BB3EA005CB73C /* MeetingFooterView.swift */; };
		635C106F2B727E1A00BBB5F0 /* DetailEditView.swift in Sources */ = {isa = PBXBuildFile; fileRef = 635C106E2B727E1A00BBB5F0 /* DetailEditView.swift */; };
		635C10732B728D7E00BBB5F0 /* ThemePicker.swift in Sources */ = {isa = PBXBuildFile; fileRef = 635C10722B728D7E00BBB5F0 /* ThemePicker.swift */; };
		635C10762B729F6B00BBB5F0 /* AVPlayer+Ding.swift in Sources */ = {isa = PBXBuildFile; fileRef = 635C10752B729F6B00BBB5F0 /* AVPlayer+Ding.swift */; };
		635C10782B729F8600BBB5F0 /* ScrumTimer.swift in Sources */ = {isa = PBXBuildFile; fileRef = 635C10772B729F8600BBB5F0 /* ScrumTimer.swift */; };
		635C107A2B72A01900BBB5F0 /* ScrumProgressViewStyle.swift in Sources */ = {isa = PBXBuildFile; fileRef = 635C10792B72A01900BBB5F0 /* ScrumProgressViewStyle.swift */; };
		635C107D2B72A09300BBB5F0 /* ding.wav in Resources */ = {isa = PBXBuildFile; fileRef = 635C107C2B72A09300BBB5F0 /* ding.wav */; };
		6365717F2B62776200A2AE59 /* LabelStyle.swift in Sources */ = {isa = PBXBuildFile; fileRef = 6365717E2B62776200A2AE59 /* LabelStyle.swift */; };
		6380E3B72B7A751B00110C80 /* MeetingHeaderView.swift in Sources */ = {isa = PBXBuildFile; fileRef = 6380E3B62B7A751B00110C80 /* MeetingHeaderView.swift */; };
		63A107632B7E305200457D27 /* NewScrumSheet.swift in Sources */ = {isa = PBXBuildFile; fileRef = 63A107622B7E305200457D27 /* NewScrumSheet.swift */; };
		63B781372B724062006F00C2 /* ScrumsView.swift in Sources */ = {isa = PBXBuildFile; fileRef = 63B781362B724062006F00C2 /* ScrumsView.swift */; };
		63F294E42B616FF400F26656 /* ScrumdingerApp.swift in Sources */ = {isa = PBXBuildFile; fileRef = 63F294E32B616FF400F26656 /* ScrumdingerApp.swift */; };
		63F294E62B616FF400F26656 /* MeetingView.swift in Sources */ = {isa = PBXBuildFile; fileRef = 63F294E52B616FF400F26656 /* MeetingView.swift */; };
		63F294E82B616FF600F26656 /* Assets.xcassets in Resources */ = {isa = PBXBuildFile; fileRef = 63F294E72B616FF600F26656 /* Assets.xcassets */; };
		63F294EB2B616FF600F26656 /* Preview Assets.xcassets in Resources */ = {isa = PBXBuildFile; fileRef = 63F294EA2B616FF600F26656 /* Preview Assets.xcassets */; };
		63F294F82B6175A300F26656 /* Theme.swift in Sources */ = {isa = PBXBuildFile; fileRef = 63F294F72B6175A300F26656 /* Theme.swift */; };
		63F294FA2B6177F600F26656 /* Scrum.swift in Sources */ = {isa = PBXBuildFile; fileRef = 63F294F92B6177F600F26656 /* Scrum.swift */; };
		63F294FC2B61789200F26656 /* CardView.swift in Sources */ = {isa = PBXBuildFile; fileRef = 63F294FB2B61789200F26656 /* CardView.swift */; };
/* End PBXBuildFile section */

/* Begin PBXFileReference section */
		63272CA92B725A34002DB879 /* DetailView.swift */ = {isa = PBXFileReference; lastKnownFileType = sourcecode.swift; path = DetailView.swift; sourceTree = "<group>"; };
		634E237F2B7BB3EA005CB73C /* MeetingFooterView.swift */ = {isa = PBXFileReference; lastKnownFileType = sourcecode.swift; path = MeetingFooterView.swift; sourceTree = "<group>"; };
		635C106E2B727E1A00BBB5F0 /* DetailEditView.swift */ = {isa = PBXFileReference; lastKnownFileType = sourcecode.swift; path = DetailEditView.swift; sourceTree = "<group>"; };
		635C10722B728D7E00BBB5F0 /* ThemePicker.swift */ = {isa = PBXFileReference; lastKnownFileType = sourcecode.swift; path = ThemePicker.swift; sourceTree = "<group>"; };
		635C10752B729F6B00BBB5F0 /* AVPlayer+Ding.swift */ = {isa = PBXFileReference; lastKnownFileType = sourcecode.swift; path = "AVPlayer+Ding.swift"; sourceTree = "<group>"; };
		635C10772B729F8600BBB5F0 /* ScrumTimer.swift */ = {isa = PBXFileReference; lastKnownFileType = sourcecode.swift; path = ScrumTimer.swift; sourceTree = "<group>"; };
		635C10792B72A01900BBB5F0 /* ScrumProgressViewStyle.swift */ = {isa = PBXFileReference; lastKnownFileType = sourcecode.swift; path = ScrumProgressViewStyle.swift; sourceTree = "<group>"; };
		635C107C2B72A09300BBB5F0 /* ding.wav */ = {isa = PBXFileReference; lastKnownFileType = audio.wav; path = ding.wav; sourceTree = "<group>"; };
		6365717E2B62776200A2AE59 /* LabelStyle.swift */ = {isa = PBXFileReference; lastKnownFileType = sourcecode.swift; path = LabelStyle.swift; sourceTree = "<group>"; };
		6380E3B62B7A751B00110C80 /* MeetingHeaderView.swift */ = {isa = PBXFileReference; lastKnownFileType = sourcecode.swift; path = MeetingHeaderView.swift; sourceTree = "<group>"; };
		63A107622B7E305200457D27 /* NewScrumSheet.swift */ = {isa = PBXFileReference; lastKnownFileType = sourcecode.swift; path = NewScrumSheet.swift; sourceTree = "<group>"; };
		63B781362B724062006F00C2 /* ScrumsView.swift */ = {isa = PBXFileReference; lastKnownFileType = sourcecode.swift; path = ScrumsView.swift; sourceTree = "<group>"; };
		63F294E02B616FF400F26656 /* Scrumdinger.app */ = {isa = PBXFileReference; explicitFileType = wrapper.application; includeInIndex = 0; path = Scrumdinger.app; sourceTree = BUILT_PRODUCTS_DIR; };
		63F294E32B616FF400F26656 /* ScrumdingerApp.swift */ = {isa = PBXFileReference; lastKnownFileType = sourcecode.swift; path = ScrumdingerApp.swift; sourceTree = "<group>"; };
		63F294E52B616FF400F26656 /* MeetingView.swift */ = {isa = PBXFileReference; lastKnownFileType = sourcecode.swift; path = MeetingView.swift; sourceTree = "<group>"; };
		63F294E72B616FF600F26656 /* Assets.xcassets */ = {isa = PBXFileReference; lastKnownFileType = folder.assetcatalog; path = Assets.xcassets; sourceTree = "<group>"; };
		63F294EA2B616FF600F26656 /* Preview Assets.xcassets */ = {isa = PBXFileReference; lastKnownFileType = folder.assetcatalog; path = "Preview Assets.xcassets"; sourceTree = "<group>"; };
		63F294F72B6175A300F26656 /* Theme.swift */ = {isa = PBXFileReference; lastKnownFileType = sourcecode.swift; path = Theme.swift; sourceTree = "<group>"; };
		63F294F92B6177F600F26656 /* Scrum.swift */ = {isa = PBXFileReference; lastKnownFileType = sourcecode.swift; path = Scrum.swift; sourceTree = "<group>"; };
		63F294FB2B61789200F26656 /* CardView.swift */ = {isa = PBXFileReference; lastKnownFileType = sourcecode.swift; path = CardView.swift; sourceTree = "<group>"; };
/* End PBXFileReference section */

/* Begin PBXFrameworksBuildPhase section */
		63F294DD2B616FF400F26656 /* Frameworks */ = {
			isa = PBXFrameworksBuildPhase;
			buildActionMask = 2147483647;
			files = (
			);
			runOnlyForDeploymentPostprocessing = 0;
		};
/* End PBXFrameworksBuildPhase section */

/* Begin PBXGroup section */
		635C10742B729F3500BBB5F0 /* Views */ = {
			isa = PBXGroup;
			children = (
				63F294FB2B61789200F26656 /* CardView.swift */,
				635C106E2B727E1A00BBB5F0 /* DetailEditView.swift */,
				63272CA92B725A34002DB879 /* DetailView.swift */,
				6365717E2B62776200A2AE59 /* LabelStyle.swift */,
				63F294E52B616FF400F26656 /* MeetingView.swift */,
				6380E3B62B7A751B00110C80 /* MeetingHeaderView.swift */,
				634E237F2B7BB3EA005CB73C /* MeetingFooterView.swift */,
				63B781362B724062006F00C2 /* ScrumsView.swift */,
				635C10722B728D7E00BBB5F0 /* ThemePicker.swift */,
				635C10792B72A01900BBB5F0 /* ScrumProgressViewStyle.swift */,
				63A107622B7E305200457D27 /* NewScrumSheet.swift */,
			);
			name = Views;
			sourceTree = "<group>";
		};
		635C107B2B72A03D00BBB5F0 /* Resources */ = {
			isa = PBXGroup;
			children = (
				635C107C2B72A09300BBB5F0 /* ding.wav */,
			);
			name = Resources;
			sourceTree = "<group>";
		};
		63F294D72B616FF400F26656 = {
			isa = PBXGroup;
			children = (
				63F294E22B616FF400F26656 /* Scrumdinger */,
				63F294E12B616FF400F26656 /* Products */,
			);
			sourceTree = "<group>";
		};
		63F294E12B616FF400F26656 /* Products */ = {
			isa = PBXGroup;
			children = (
				63F294E02B616FF400F26656 /* Scrumdinger.app */,
			);
			name = Products;
			sourceTree = "<group>";
		};
		63F294E22B616FF400F26656 /* Scrumdinger */ = {
			isa = PBXGroup;
			children = (
				63F294E32B616FF400F26656 /* ScrumdingerApp.swift */,
				635C10742B729F3500BBB5F0 /* Views */,
				63F294F62B61759200F26656 /* Models */,
				63F294E92B616FF600F26656 /* Preview Content */,
				63F294E72B616FF600F26656 /* Assets.xcassets */,
				635C107B2B72A03D00BBB5F0 /* Resources */,
			);
			path = Scrumdinger;
			sourceTree = "<group>";
		};
		63F294E92B616FF600F26656 /* Preview Content */ = {
			isa = PBXGroup;
			children = (
				63F294EA2B616FF600F26656 /* Preview Assets.xcassets */,
			);
			path = "Preview Content";
			sourceTree = "<group>";
		};
		63F294F62B61759200F26656 /* Models */ = {
			isa = PBXGroup;
			children = (
				63F294F72B6175A300F26656 /* Theme.swift */,
				63F294F92B6177F600F26656 /* Scrum.swift */,
				635C10752B729F6B00BBB5F0 /* AVPlayer+Ding.swift */,
				635C10772B729F8600BBB5F0 /* ScrumTimer.swift */,
			);
			name = Models;
			sourceTree = "<group>";
		};
/* End PBXGroup section */

/* Begin PBXNativeTarget section */
		63F294DF2B616FF400F26656 /* Scrumdinger */ = {
			isa = PBXNativeTarget;
			buildConfigurationList = 63F294F32B616FF600F26656 /* Build configuration list for PBXNativeTarget "Scrumdinger" */;
			buildPhases = (
				63F294DC2B616FF400F26656 /* Sources */,
				63F294DD2B616FF400F26656 /* Frameworks */,
				63F294DE2B616FF400F26656 /* Resources */,
			);
			buildRules = (
			);
			dependencies = (
			);
			name = Scrumdinger;
			productName = Scrumdinger;
			productReference = 63F294E02B616FF400F26656 /* Scrumdinger.app */;
			productType = "com.apple.product-type.application";
		};
/* End PBXNativeTarget section */

/* Begin PBXProject section */
		63F294D82B616FF400F26656 /* Project object */ = {
			isa = PBXProject;
			attributes = {
				BuildIndependentTargetsInParallel = 1;
				LastSwiftUpdateCheck = 1520;
				LastUpgradeCheck = 1520;
				TargetAttributes = {
					63F294DF2B616FF400F26656 = {
						CreatedOnToolsVersion = 15.2;
					};
				};
			};
			buildConfigurationList = 63F294DB2B616FF400F26656 /* Build configuration list for PBXProject "Scrumdinger" */;
			compatibilityVersion = "Xcode 14.0";
			developmentRegion = en;
			hasScannedForEncodings = 0;
			knownRegions = (
				en,
				Base,
			);
			mainGroup = 63F294D72B616FF400F26656;
			productRefGroup = 63F294E12B616FF400F26656 /* Products */;
			projectDirPath = "";
			projectRoot = "";
			targets = (
				63F294DF2B616FF400F26656 /* Scrumdinger */,
			);
		};
/* End PBXProject section */

/* Begin PBXResourcesBuildPhase section */
		63F294DE2B616FF400F26656 /* Resources */ = {
			isa = PBXResourcesBuildPhase;
			buildActionMask = 2147483647;
			files = (
				635C107D2B72A09300BBB5F0 /* ding.wav in Resources */,
				63F294EB2B616FF600F26656 /* Preview Assets.xcassets in Resources */,
				63F294E82B616FF600F26656 /* Assets.xcassets in Resources */,
			);
			runOnlyForDeploymentPostprocessing = 0;
		};
/* End PBXResourcesBuildPhase section */

/* Begin PBXSourcesBuildPhase section */
		63F294DC2B616FF400F26656 /* Sources */ = {
			isa = PBXSourcesBuildPhase;
			buildActionMask = 2147483647;
			files = (
				635C10732B728D7E00BBB5F0 /* ThemePicker.swift in Sources */,
				635C107A2B72A01900BBB5F0 /* ScrumProgressViewStyle.swift in Sources */,
				634E23802B7BB3EA005CB73C /* MeetingFooterView.swift in Sources */,
				63F294FA2B6177F600F26656 /* Scrum.swift in Sources */,
				63272CAA2B725A34002DB879 /* DetailView.swift in Sources */,
				635C10762B729F6B00BBB5F0 /* AVPlayer+Ding.swift in Sources */,
				635C106F2B727E1A00BBB5F0 /* DetailEditView.swift in Sources */,
				63F294F82B6175A300F26656 /* Theme.swift in Sources */,
				6380E3B72B7A751B00110C80 /* MeetingHeaderView.swift in Sources */,
				635C10782B729F8600BBB5F0 /* ScrumTimer.swift in Sources */,
				63F294E62B616FF400F26656 /* MeetingView.swift in Sources */,
				63A107632B7E305200457D27 /* NewScrumSheet.swift in Sources */,
				63B781372B724062006F00C2 /* ScrumsView.swift in Sources */,
				63F294E42B616FF400F26656 /* ScrumdingerApp.swift in Sources */,
				6365717F2B62776200A2AE59 /* LabelStyle.swift in Sources */,
				63F294FC2B61789200F26656 /* CardView.swift in Sources */,
			);
			runOnlyForDeploymentPostprocessing = 0;
		};
/* End PBXSourcesBuildPhase section */

/* Begin XCBuildConfiguration section */
		63F294F12B616FF600F26656 /* Debug */ = {
			isa = XCBuildConfiguration;
			buildSettings = {
				ALWAYS_SEARCH_USER_PATHS = NO;
				ASSETCATALOG_COMPILER_GENERATE_SWIFT_ASSET_SYMBOL_EXTENSIONS = YES;
				CLANG_ANALYZER_NONNULL = YES;
				CLANG_ANALYZER_NUMBER_OBJECT_CONVERSION = YES_AGGRESSIVE;
				CLANG_CXX_LANGUAGE_STANDARD = "gnu++20";
				CLANG_ENABLE_MODULES = YES;
				CLANG_ENABLE_OBJC_ARC = YES;
				CLANG_ENABLE_OBJC_WEAK = YES;
				CLANG_WARN_BLOCK_CAPTURE_AUTORELEASING = YES;
				CLANG_WARN_BOOL_CONVERSION = YES;
				CLANG_WARN_COMMA = YES;
				CLANG_WARN_CONSTANT_CONVERSION = YES;
				CLANG_WARN_DEPRECATED_OBJC_IMPLEMENTATIONS = YES;
				CLANG_WARN_DIRECT_OBJC_ISA_USAGE = YES_ERROR;
				CLANG_WARN_DOCUMENTATION_COMMENTS = YES;
				CLANG_WARN_EMPTY_BODY = YES;
				CLANG_WARN_ENUM_CONVERSION = YES;
				CLANG_WARN_INFINITE_RECURSION = YES;
				CLANG_WARN_INT_CONVERSION = YES;
				CLANG_WARN_NON_LITERAL_NULL_CONVERSION = YES;
				CLANG_WARN_OBJC_IMPLICIT_RETAIN_SELF = YES;
				CLANG_WARN_OBJC_LITERAL_CONVERSION = YES;
				CLANG_WARN_OBJC_ROOT_CLASS = YES_ERROR;
				CLANG_WARN_QUOTED_INCLUDE_IN_FRAMEWORK_HEADER = YES;
				CLANG_WARN_RANGE_LOOP_ANALYSIS = YES;
				CLANG_WARN_STRICT_PROTOTYPES = YES;
				CLANG_WARN_SUSPICIOUS_MOVE = YES;
				CLANG_WARN_UNGUARDED_AVAILABILITY = YES_AGGRESSIVE;
				CLANG_WARN_UNREACHABLE_CODE = YES;
				CLANG_WARN__DUPLICATE_METHOD_MATCH = YES;
				COPY_PHASE_STRIP = NO;
				DEBUG_INFORMATION_FORMAT = dwarf;
				ENABLE_STRICT_OBJC_MSGSEND = YES;
				ENABLE_TESTABILITY = YES;
				ENABLE_USER_SCRIPT_SANDBOXING = YES;
				GCC_C_LANGUAGE_STANDARD = gnu17;
				GCC_DYNAMIC_NO_PIC = NO;
				GCC_NO_COMMON_BLOCKS = YES;
				GCC_OPTIMIZATION_LEVEL = 0;
				GCC_PREPROCESSOR_DEFINITIONS = (
					"DEBUG=1",
					"$(inherited)",
				);
				GCC_WARN_64_TO_32_BIT_CONVERSION = YES;
				GCC_WARN_ABOUT_RETURN_TYPE = YES_ERROR;
				GCC_WARN_UNDECLARED_SELECTOR = YES;
				GCC_WARN_UNINITIALIZED_AUTOS = YES_AGGRESSIVE;
				GCC_WARN_UNUSED_FUNCTION = YES;
				GCC_WARN_UNUSED_VARIABLE = YES;
				IPHONEOS_DEPLOYMENT_TARGET = 17.2;
				LOCALIZATION_PREFERS_STRING_CATALOGS = YES;
				MTL_ENABLE_DEBUG_INFO = INCLUDE_SOURCE;
				MTL_FAST_MATH = YES;
				ONLY_ACTIVE_ARCH = YES;
				SDKROOT = iphoneos;
				SWIFT_ACTIVE_COMPILATION_CONDITIONS = "DEBUG $(inherited)";
				SWIFT_OPTIMIZATION_LEVEL = "-Onone";
			};
			name = Debug;
		};
		63F294F22B616FF600F26656 /* Release */ = {
			isa = XCBuildConfiguration;
			buildSettings = {
				ALWAYS_SEARCH_USER_PATHS = NO;
				ASSETCATALOG_COMPILER_GENERATE_SWIFT_ASSET_SYMBOL_EXTENSIONS = YES;
				CLANG_ANALYZER_NONNULL = YES;
				CLANG_ANALYZER_NUMBER_OBJECT_CONVERSION = YES_AGGRESSIVE;
				CLANG_CXX_LANGUAGE_STANDARD = "gnu++20";
				CLANG_ENABLE_MODULES = YES;
				CLANG_ENABLE_OBJC_ARC = YES;
				CLANG_ENABLE_OBJC_WEAK = YES;
				CLANG_WARN_BLOCK_CAPTURE_AUTORELEASING = YES;
				CLANG_WARN_BOOL_CONVERSION = YES;
				CLANG_WARN_COMMA = YES;
				CLANG_WARN_CONSTANT_CONVERSION = YES;
				CLANG_WARN_DEPRECATED_OBJC_IMPLEMENTATIONS = YES;
				CLANG_WARN_DIRECT_OBJC_ISA_USAGE = YES_ERROR;
				CLANG_WARN_DOCUMENTATION_COMMENTS = YES;
				CLANG_WARN_EMPTY_BODY = YES;
				CLANG_WARN_ENUM_CONVERSION = YES;
				CLANG_WARN_INFINITE_RECURSION = YES;
				CLANG_WARN_INT_CONVERSION = YES;
				CLANG_WARN_NON_LITERAL_NULL_CONVERSION = YES;
				CLANG_WARN_OBJC_IMPLICIT_RETAIN_SELF = YES;
				CLANG_WARN_OBJC_LITERAL_CONVERSION = YES;
				CLANG_WARN_OBJC_ROOT_CLASS = YES_ERROR;
				CLANG_WARN_QUOTED_INCLUDE_IN_FRAMEWORK_HEADER = YES;
				CLANG_WARN_RANGE_LOOP_ANALYSIS = YES;
				CLANG_WARN_STRICT_PROTOTYPES = YES;
				CLANG_WARN_SUSPICIOUS_MOVE = YES;
				CLANG_WARN_UNGUARDED_AVAILABILITY = YES_AGGRESSIVE;
				CLANG_WARN_UNREACHABLE_CODE = YES;
				CLANG_WARN__DUPLICATE_METHOD_MATCH = YES;
				COPY_PHASE_STRIP = NO;
				DEBUG_INFORMATION_FORMAT = "dwarf-with-dsym";
				ENABLE_NS_ASSERTIONS = NO;
				ENABLE_STRICT_OBJC_MSGSEND = YES;
				ENABLE_USER_SCRIPT_SANDBOXING = YES;
				GCC_C_LANGUAGE_STANDARD = gnu17;
				GCC_NO_COMMON_BLOCKS = YES;
				GCC_WARN_64_TO_32_BIT_CONVERSION = YES;
				GCC_WARN_ABOUT_RETURN_TYPE = YES_ERROR;
				GCC_WARN_UNDECLARED_SELECTOR = YES;
				GCC_WARN_UNINITIALIZED_AUTOS = YES_AGGRESSIVE;
				GCC_WARN_UNUSED_FUNCTION = YES;
				GCC_WARN_UNUSED_VARIABLE = YES;
				IPHONEOS_DEPLOYMENT_TARGET = 17.2;
				LOCALIZATION_PREFERS_STRING_CATALOGS = YES;
				MTL_ENABLE_DEBUG_INFO = NO;
				MTL_FAST_MATH = YES;
				SDKROOT = iphoneos;
				SWIFT_COMPILATION_MODE = wholemodule;
				VALIDATE_PRODUCT = YES;
			};
			name = Release;
		};
		63F294F42B616FF600F26656 /* Debug */ = {
			isa = XCBuildConfiguration;
			buildSettings = {
				ASSETCATALOG_COMPILER_APPICON_NAME = AppIcon;
				ASSETCATALOG_COMPILER_GLOBAL_ACCENT_COLOR_NAME = AccentColor;
				CODE_SIGN_STYLE = Automatic;
				CURRENT_PROJECT_VERSION = 1;
				DEVELOPMENT_ASSET_PATHS = "\"Scrumdinger/Preview Content\"";
				DEVELOPMENT_TEAM = 58MX7DJ83H;
				ENABLE_PREVIEWS = YES;
				GENERATE_INFOPLIST_FILE = YES;
				INFOPLIST_KEY_UIApplicationSceneManifest_Generation = YES;
				INFOPLIST_KEY_UIApplicationSupportsIndirectInputEvents = YES;
				INFOPLIST_KEY_UILaunchScreen_Generation = YES;
				INFOPLIST_KEY_UISupportedInterfaceOrientations_iPad = "UIInterfaceOrientationPortrait UIInterfaceOrientationPortraitUpsideDown UIInterfaceOrientationLandscapeLeft UIInterfaceOrientationLandscapeRight";
				INFOPLIST_KEY_UISupportedInterfaceOrientations_iPhone = "UIInterfaceOrientationPortrait UIInterfaceOrientationLandscapeLeft UIInterfaceOrientationLandscapeRight";
				IPHONEOS_DEPLOYMENT_TARGET = 17.2;
				LD_RUNPATH_SEARCH_PATHS = (
					"$(inherited)",
					"@executable_path/Frameworks",
				);
				MARKETING_VERSION = 1.0;
				PRODUCT_BUNDLE_IDENTIFIER = com.DavidBermudez.Scrumdinger;
				PRODUCT_NAME = "$(TARGET_NAME)";
				SWIFT_EMIT_LOC_STRINGS = YES;
				SWIFT_VERSION = 5.0;
				TARGETED_DEVICE_FAMILY = "1,2";
			};
			name = Debug;
		};
		63F294F52B616FF600F26656 /* Release */ = {
			isa = XCBuildConfiguration;
			buildSettings = {
				ASSETCATALOG_COMPILER_APPICON_NAME = AppIcon;
				ASSETCATALOG_COMPILER_GLOBAL_ACCENT_COLOR_NAME = AccentColor;
				CODE_SIGN_STYLE = Automatic;
				CURRENT_PROJECT_VERSION = 1;
				DEVELOPMENT_ASSET_PATHS = "\"Scrumdinger/Preview Content\"";
				DEVELOPMENT_TEAM = 58MX7DJ83H;
				ENABLE_PREVIEWS = YES;
				GENERATE_INFOPLIST_FILE = YES;
				INFOPLIST_KEY_UIApplicationSceneManifest_Generation = YES;
				INFOPLIST_KEY_UIApplicationSupportsIndirectInputEvents = YES;
				INFOPLIST_KEY_UILaunchScreen_Generation = YES;
				INFOPLIST_KEY_UISupportedInterfaceOrientations_iPad = "UIInterfaceOrientationPortrait UIInterfaceOrientationPortraitUpsideDown UIInterfaceOrientationLandscapeLeft UIInterfaceOrientationLandscapeRight";
				INFOPLIST_KEY_UISupportedInterfaceOrientations_iPhone = "UIInterfaceOrientationPortrait UIInterfaceOrientationLandscapeLeft UIInterfaceOrientationLandscapeRight";
				IPHONEOS_DEPLOYMENT_TARGET = 17.2;
				LD_RUNPATH_SEARCH_PATHS = (
					"$(inherited)",
					"@executable_path/Frameworks",
				);
				MARKETING_VERSION = 1.0;
				PRODUCT_BUNDLE_IDENTIFIER = com.DavidBermudez.Scrumdinger;
				PRODUCT_NAME = "$(TARGET_NAME)";
				SWIFT_EMIT_LOC_STRINGS = YES;
				SWIFT_VERSION = 5.0;
				TARGETED_DEVICE_FAMILY = "1,2";
			};
			name = Release;
		};
/* End XCBuildConfiguration section */

/* Begin XCConfigurationList section */
		63F294DB2B616FF400F26656 /* Build configuration list for PBXProject "Scrumdinger" */ = {
			isa = XCConfigurationList;
			buildConfigurations = (
				63F294F12B616FF600F26656 /* Debug */,
				63F294F22B616FF600F26656 /* Release */,
			);
			defaultConfigurationIsVisible = 0;
			defaultConfigurationName = Release;
		};
		63F294F32B616FF600F26656 /* Build configuration list for PBXNativeTarget "Scrumdinger" */ = {
			isa = XCConfigurationList;
			buildConfigurations = (
				63F294F42B616FF600F26656 /* Debug */,
				63F294F52B616FF600F26656 /* Release */,
			);
			defaultConfigurationIsVisible = 0;
			defaultConfigurationName = Release;
		};
/* End XCConfigurationList section */
	};
	rootObject = 63F294D82B616FF400F26656 /* Project object */;
}
